
Microsoft Visual Studio Solution File, Format Version 12.00
# Visual Studio Version 16
VisualStudioVersion = 16.0.31702.278
MinimumVisualStudioVersion = 10.0.40219.1
Project("{FAE04EC0-301F-11D3-BF4B-00C04F79EFBC}") = "NetCoreAPIPostgreSQL", "NetCoreAPIPostgreSQL.csproj", "{6E1F6487-A354-4493-93B7-0284CDA342BB}"
EndProject
Project("{FAE04EC0-301F-11D3-BF4B-00C04F79EFBC}") = "NetCoreAPIPostgreSQL.Data", "..\NetCoreAPIPostgreSQL.Data\NetCoreAPIPostgreSQL.Data.csproj", "{7F581A4D-402A-4CEA-83B0-22EE6BFC3591}"
EndProject
Project("{FAE04EC0-301F-11D3-BF4B-00C04F79EFBC}") = "NetCoreAPIPostgreSQL.Model", "..\NetCoreAPIPostgreSQL.Model\NetCoreAPIPostgreSQL.Model.csproj", "{445E7BAB-69F9-492B-9987-C69112AD12A9}"
EndProject
Global
	GlobalSection(SolutionConfigurationPlatforms) = preSolution
		Debug|Any CPU = Debug|Any CPU
		Release|Any CPU = Release|Any CPU
	EndGlobalSection
	GlobalSection(ProjectConfigurationPlatforms) = postSolution
		{6E1F6487-A354-4493-93B7-0284CDA342BB}.Debug|Any CPU.ActiveCfg = Debug|Any CPU
		{6E1F6487-A354-4493-93B7-0284CDA342BB}.Debug|Any CPU.Build.0 = Debug|Any CPU
		{6E1F6487-A354-4493-93B7-0284CDA342BB}.Release|Any CPU.ActiveCfg = Release|Any CPU
		{6E1F6487-A354-4493-93B7-0284CDA342BB}.Release|Any CPU.Build.0 = Release|Any CPU
		{7F581A4D-402A-4CEA-83B0-22EE6BFC3591}.Debug|Any CPU.ActiveCfg = Debug|Any CPU
		{7F581A4D-402A-4CEA-83B0-22EE6BFC3591}.Debug|Any CPU.Build.0 = Debug|Any CPU
		{7F581A4D-402A-4CEA-83B0-22EE6BFC3591}.Release|Any CPU.ActiveCfg = Release|Any CPU
		{7F581A4D-402A-4CEA-83B0-22EE6BFC3591}.Release|Any CPU.Build.0 = Release|Any CPU
		{445E7BAB-69F9-492B-9987-C69112AD12A9}.Debug|Any CPU.ActiveCfg = Debug|Any CPU
		{445E7BAB-69F9-492B-9987-C69112AD12A9}.Debug|Any CPU.Build.0 = Debug|Any CPU
		{445E7BAB-69F9-492B-9987-C69112AD12A9}.Release|Any CPU.ActiveCfg = Release|Any CPU
		{445E7BAB-69F9-492B-9987-C69112AD12A9}.Release|Any CPU.Build.0 = Release|Any CPU
	EndGlobalSection
	GlobalSection(SolutionProperties) = preSolution
		HideSolutionNode = FALSE
	EndGlobalSection
	GlobalSection(ExtensibilityGlobals) = postSolution
		SolutionGuid = {DE3B544C-AFCC-4FB0-8488-F323E03EE215}
	EndGlobalSection
EndGlobal
