
Microsoft Visual Studio Solution File, Format Version 12.00
# Visual Studio Version 16
VisualStudioVersion = 16.0.31702.278
MinimumVisualStudioVersion = 10.0.40219.1
Project("{FAE04EC0-301F-11D3-BF4B-00C04F79EFBC}") = "CineTec", "CineTec\CineTec.csproj", "{6DADF5F5-D838-4266-BB7E-D0D554F49B68}"
EndProject
Global
	GlobalSection(SolutionConfigurationPlatforms) = preSolution
		Debug|Any CPU = Debug|Any CPU
		Release|Any CPU = Release|Any CPU
	EndGlobalSection
	GlobalSection(ProjectConfigurationPlatforms) = postSolution
		{6DADF5F5-D838-4266-BB7E-D0D554F49B68}.Debug|Any CPU.ActiveCfg = Debug|Any CPU
		{6DADF5F5-D838-4266-BB7E-D0D554F49B68}.Debug|Any CPU.Build.0 = Debug|Any CPU
		{6DADF5F5-D838-4266-BB7E-D0D554F49B68}.Release|Any CPU.ActiveCfg = Release|Any CPU
		{6DADF5F5-D838-4266-BB7E-D0D554F49B68}.Release|Any CPU.Build.0 = Release|Any CPU
	EndGlobalSection
	GlobalSection(SolutionProperties) = preSolution
		HideSolutionNode = FALSE
	EndGlobalSection
	GlobalSection(ExtensibilityGlobals) = postSolution
		SolutionGuid = {265CF8AE-BD39-4506-8DED-74BE48F7EBF2}
	EndGlobalSection
EndGlobal
